
Microsoft Visual Studio Solution File, Format Version 12.00
# Visual Studio Version 17
VisualStudioVersion = 17.9.34723.18
MinimumVisualStudioVersion = 10.0.40219.1
Project("{9A19103F-16F7-4668-BE54-9A1E7A4F7556}") = "Myblog", "Myblog.csproj", "{78B3BA52-30E2-47D8-BB61-E915FA72770D}"
EndProject
Project("{9A19103F-16F7-4668-BE54-9A1E7A4F7556}") = "weblog.DataLayer", "..\weblob.DataLayer\weblog.DataLayer.csproj", "{2F84DCDB-EA36-48FB-B572-068F5F7A4D95}"
EndProject
Project("{9A19103F-16F7-4668-BE54-9A1E7A4F7556}") = "weblog.CoreLayer", "..\weblog.CoreLayer\weblog.CoreLayer.csproj", "{AFCD7FF3-B81A-4E4E-A0EC-549852A485E8}"
EndProject
Global
	GlobalSection(SolutionConfigurationPlatforms) = preSolution
		Debug|Any CPU = Debug|Any CPU
		Release|Any CPU = Release|Any CPU
	EndGlobalSection
	GlobalSection(ProjectConfigurationPlatforms) = postSolution
		{78B3BA52-30E2-47D8-BB61-E915FA72770D}.Debug|Any CPU.ActiveCfg = Debug|Any CPU
		{78B3BA52-30E2-47D8-BB61-E915FA72770D}.Debug|Any CPU.Build.0 = Debug|Any CPU
		{78B3BA52-30E2-47D8-BB61-E915FA72770D}.Release|Any CPU.ActiveCfg = Release|Any CPU
		{78B3BA52-30E2-47D8-BB61-E915FA72770D}.Release|Any CPU.Build.0 = Release|Any CPU
		{2F84DCDB-EA36-48FB-B572-068F5F7A4D95}.Debug|Any CPU.ActiveCfg = Debug|Any CPU
		{2F84DCDB-EA36-48FB-B572-068F5F7A4D95}.Debug|Any CPU.Build.0 = Debug|Any CPU
		{2F84DCDB-EA36-48FB-B572-068F5F7A4D95}.Release|Any CPU.ActiveCfg = Release|Any CPU
		{2F84DCDB-EA36-48FB-B572-068F5F7A4D95}.Release|Any CPU.Build.0 = Release|Any CPU
		{AFCD7FF3-B81A-4E4E-A0EC-549852A485E8}.Debug|Any CPU.ActiveCfg = Debug|Any CPU
		{AFCD7FF3-B81A-4E4E-A0EC-549852A485E8}.Debug|Any CPU.Build.0 = Debug|Any CPU
		{AFCD7FF3-B81A-4E4E-A0EC-549852A485E8}.Release|Any CPU.ActiveCfg = Release|Any CPU
		{AFCD7FF3-B81A-4E4E-A0EC-549852A485E8}.Release|Any CPU.Build.0 = Release|Any CPU
	EndGlobalSection
	GlobalSection(SolutionProperties) = preSolution
		HideSolutionNode = FALSE
	EndGlobalSection
	GlobalSection(ExtensibilityGlobals) = postSolution
		SolutionGuid = {A48F2811-2C1A-4E50-8424-32A1F3449157}
	EndGlobalSection
EndGlobal
